
Microsoft Visual Studio Solution File, Format Version 9.00
# Visual Studio 2005
Project("{FAE04EC0-301F-11D3-BF4B-00C04F79EFBC}") = "Semana 2 - LPVI - Forms", "Semana 2 - LPVI - Forms\Semana 2 - LPVI - Forms.csproj", "{F8C87328-6B76-499B-8712-C2FF900EE72A}"
EndProject
Global
	GlobalSection(SolutionConfigurationPlatforms) = preSolution
		Debug|Any CPU = Debug|Any CPU
		Release|Any CPU = Release|Any CPU
	EndGlobalSection
	GlobalSection(ProjectConfigurationPlatforms) = postSolution
		{F8C87328-6B76-499B-8712-C2FF900EE72A}.Debug|Any CPU.ActiveCfg = Debug|Any CPU
		{F8C87328-6B76-499B-8712-C2FF900EE72A}.Debug|Any CPU.Build.0 = Debug|Any CPU
		{F8C87328-6B76-499B-8712-C2FF900EE72A}.Release|Any CPU.ActiveCfg = Release|Any CPU
		{F8C87328-6B76-499B-8712-C2FF900EE72A}.Release|Any CPU.Build.0 = Release|Any CPU
	EndGlobalSection
	GlobalSection(SolutionProperties) = preSolution
		HideSolutionNode = FALSE
	EndGlobalSection
EndGlobal
